// !$*UTF8*$!
{
	archiveVersion = 1;
	classes = {
	};
	objectVersion = 77;
	objects = {

/* Begin PBXContainerItemProxy section */
		1A1A3D1A2E503D6D00279E07 /* PBXContainerItemProxy */ = {
			isa = PBXContainerItemProxy;
			containerPortal = 1A1A3D042E503D6B00279E07 /* Project object */;
			proxyType = 1;
			remoteGlobalIDString = 1A1A3D0B2E503D6B00279E07;
			remoteInfo = ReceiptScanApp;
		};
		1A1A3D242E503D6D00279E07 /* PBXContainerItemProxy */ = {
			isa = PBXContainerItemProxy;
			containerPortal = 1A1A3D042E503D6B00279E07 /* Project object */;
			proxyType = 1;
			remoteGlobalIDString = 1A1A3D0B2E503D6B00279E07;
			remoteInfo = ReceiptScanApp;
		};
/* End PBXContainerItemProxy section */

/* Begin PBXFileReference section */
		1A1A3D0C2E503D6B00279E07 /* ReceiptScanApp.app */ = {isa = PBXFileReference; explicitFileType = wrapper.application; includeInIndex = 0; path = ReceiptScanApp.app; sourceTree = BUILT_PRODUCTS_DIR; };
		1A1A3D192E503D6D00279E07 /* ReceiptScanAppTests.xctest */ = {isa = PBXFileReference; explicitFileType = wrapper.cfbundle; includeInIndex = 0; path = ReceiptScanAppTests.xctest; sourceTree = BUILT_PRODUCTS_DIR; };
		1A1A3D232E503D6D00279E07 /* ReceiptScanAppUITests.xctest */ = {isa = PBXFileReference; explicitFileType = wrapper.cfbundle; includeInIndex = 0; path = ReceiptScanAppUITests.xctest; sourceTree = BUILT_PRODUCTS_DIR; };
/* End PBXFileReference section */

/* Begin PBXFileSystemSynchronizedRootGroup section */
		1A1A3D0E2E503D6B00279E07 /* ReceiptScanApp */ = {
			isa = PBXFileSystemSynchronizedRootGroup;
			path = ReceiptScanApp;
			sourceTree = "<group>";
		};
		1A1A3D1C2E503D6D00279E07 /* ReceiptScanAppTests */ = {
			isa = PBXFileSystemSynchronizedRootGroup;
			path = ReceiptScanAppTests;
			sourceTree = "<group>";
		};
		1A1A3D262E503D6D00279E07 /* ReceiptScanAppUITests */ = {
			isa = PBXFileSystemSynchronizedRootGroup;
			path = ReceiptScanAppUITests;
			sourceTree = "<group>";
		};
/* End PBXFileSystemSynchronizedRootGroup section */

/* Begin PBXFrameworksBuildPhase section */
		1A1A3D092E503D6B00279E07 /* Frameworks */ = {
			isa = PBXFrameworksBuildPhase;
			buildActionMask = 2147483647;
			files = (
			);
			runOnlyForDeploymentPostprocessing = 0;
		};
		1A1A3D162E503D6D00279E07 /* Frameworks */ = {
			isa = PBXFrameworksBuildPhase;
			buildActionMask = 2147483647;
			files = (
			);
			runOnlyForDeploymentPostprocessing = 0;
		};
		1A1A3D202E503D6D00279E07 /* Frameworks */ = {
			isa = PBXFrameworksBuildPhase;
			buildActionMask = 2147483647;
			files = (
			);
			runOnlyForDeploymentPostprocessing = 0;
		};
/* End PBXFrameworksBuildPhase section */

/* Begin PBXGroup section */
		1A1A3D032E503D6B00279E07 = {
			isa = PBXGroup;
			children = (
				1A1A3D0E2E503D6B00279E07 /* ReceiptScanApp */,
				1A1A3D1C2E503D6D00279E07 /* ReceiptScanAppTests */,
				1A1A3D262E503D6D00279E07 /* ReceiptScanAppUITests */,
				1A1A3D0D2E503D6B00279E07 /* Products */,
			);
			sourceTree = "<group>";
		};
		1A1A3D0D2E503D6B00279E07 /* Products */ = {
			isa = PBXGroup;
			children = (
				1A1A3D0C2E503D6B00279E07 /* ReceiptScanApp.app */,
				1A1A3D192E503D6D00279E07 /* ReceiptScanAppTests.xctest */,
				1A1A3D232E503D6D00279E07 /* ReceiptScanAppUITests.xctest */,
			);
			name = Products;
			sourceTree = "<group>";
		};
/* End PBXGroup section */

/* Begin PBXNativeTarget section */
		1A1A3D0B2E503D6B00279E07 /* ReceiptScanApp */ = {
			isa = PBXNativeTarget;
			buildConfigurationList = 1A1A3D2D2E503D6D00279E07 /* Build configuration list for PBXNativeTarget "ReceiptScanApp" */;
			buildPhases = (
				1A1A3D082E503D6B00279E07 /* Sources */,
				1A1A3D092E503D6B00279E07 /* Frameworks */,
				1A1A3D0A2E503D6B00279E07 /* Resources */,
			);
			buildRules = (
			);
			dependencies = (
			);
			fileSystemSynchronizedGroups = (
				1A1A3D0E2E503D6B00279E07 /* ReceiptScanApp */,
			);
			name = ReceiptScanApp;
			packageProductDependencies = (
			);
			productName = ReceiptScanApp;
			productReference = 1A1A3D0C2E503D6B00279E07 /* ReceiptScanApp.app */;
			productType = "com.apple.product-type.application";
		};
		1A1A3D182E503D6D00279E07 /* ReceiptScanAppTests */ = {
			isa = PBXNativeTarget;
			buildConfigurationList = 1A1A3D302E503D6D00279E07 /* Build configuration list for PBXNativeTarget "ReceiptScanAppTests" */;
			buildPhases = (
				1A1A3D152E503D6D00279E07 /* Sources */,
				1A1A3D162E503D6D00279E07 /* Frameworks */,
				1A1A3D172E503D6D00279E07 /* Resources */,
			);
			buildRules = (
			);
			dependencies = (
				1A1A3D1B2E503D6D00279E07 /* PBXTargetDependency */,
			);
			fileSystemSynchronizedGroups = (
				1A1A3D1C2E503D6D00279E07 /* ReceiptScanAppTests */,
			);
			name = ReceiptScanAppTests;
			packageProductDependencies = (
			);
			productName = ReceiptScanAppTests;
			productReference = 1A1A3D192E503D6D00279E07 /* ReceiptScanAppTests.xctest */;
			productType = "com.apple.product-type.bundle.unit-test";
		};
		1A1A3D222E503D6D00279E07 /* ReceiptScanAppUITests */ = {
			isa = PBXNativeTarget;
			buildConfigurationList = 1A1A3D332E503D6D00279E07 /* Build configuration list for PBXNativeTarget "ReceiptScanAppUITests" */;
			buildPhases = (
				1A1A3D1F2E503D6D00279E07 /* Sources */,
				1A1A3D202E503D6D00279E07 /* Frameworks */,
				1A1A3D212E503D6D00279E07 /* Resources */,
			);
			buildRules = (
			);
			dependencies = (
				1A1A3D252E503D6D00279E07 /* PBXTargetDependency */,
			);
			fileSystemSynchronizedGroups = (
				1A1A3D262E503D6D00279E07 /* ReceiptScanAppUITests */,
			);
			name = ReceiptScanAppUITests;
			packageProductDependencies = (
			);
			productName = ReceiptScanAppUITests;
			productReference = 1A1A3D232E503D6D00279E07 /* ReceiptScanAppUITests.xctest */;
			productType = "com.apple.product-type.bundle.ui-testing";
		};
/* End PBXNativeTarget section */

/* Begin PBXProject section */
		1A1A3D042E503D6B00279E07 /* Project object */ = {
			isa = PBXProject;
			attributes = {
				BuildIndependentTargetsInParallel = 1;
				LastSwiftUpdateCheck = 1640;
				LastUpgradeCheck = 1640;
				TargetAttributes = {
					1A1A3D0B2E503D6B00279E07 = {
						CreatedOnToolsVersion = 16.4;
					};
					1A1A3D182E503D6D00279E07 = {
						CreatedOnToolsVersion = 16.4;
						TestTargetID = 1A1A3D0B2E503D6B00279E07;
					};
					1A1A3D222E503D6D00279E07 = {
						CreatedOnToolsVersion = 16.4;
						TestTargetID = 1A1A3D0B2E503D6B00279E07;
					};
				};
			};
			buildConfigurationList = 1A1A3D072E503D6B00279E07 /* Build configuration list for PBXProject "ReceiptScanApp" */;
			developmentRegion = en;
			hasScannedForEncodings = 0;
			knownRegions = (
				en,
				Base,
			);
			mainGroup = 1A1A3D032E503D6B00279E07;
			minimizedProjectReferenceProxies = 1;
			preferredProjectObjectVersion = 77;
			productRefGroup = 1A1A3D0D2E503D6B00279E07 /* Products */;
			projectDirPath = "";
			projectRoot = "";
			targets = (
				1A1A3D0B2E503D6B00279E07 /* ReceiptScanApp */,
				1A1A3D182E503D6D00279E07 /* ReceiptScanAppTests */,
				1A1A3D222E503D6D00279E07 /* ReceiptScanAppUITests */,
			);
		};
/* End PBXProject section */

/* Begin PBXResourcesBuildPhase section */
		1A1A3D0A2E503D6B00279E07 /* Resources */ = {
			isa = PBXResourcesBuildPhase;
			buildActionMask = 2147483647;
			files = (
			);
			runOnlyForDeploymentPostprocessing = 0;
		};
		1A1A3D172E503D6D00279E07 /* Resources */ = {
			isa = PBXResourcesBuildPhase;
			buildActionMask = 2147483647;
			files = (
			);
			runOnlyForDeploymentPostprocessing = 0;
		};
		1A1A3D212E503D6D00279E07 /* Resources */ = {
			isa = PBXResourcesBuildPhase;
			buildActionMask = 2147483647;
			files = (
			);
			runOnlyForDeploymentPostprocessing = 0;
		};
/* End PBXResourcesBuildPhase section */

/* Begin PBXSourcesBuildPhase section */
		1A1A3D082E503D6B00279E07 /* Sources */ = {
			isa = PBXSourcesBuildPhase;
			buildActionMask = 2147483647;
			files = (
			);
			runOnlyForDeploymentPostprocessing = 0;
		};
		1A1A3D152E503D6D00279E07 /* Sources */ = {
			isa = PBXSourcesBuildPhase;
			buildActionMask = 2147483647;
			files = (
			);
			runOnlyForDeploymentPostprocessing = 0;
		};
		1A1A3D1F2E503D6D00279E07 /* Sources */ = {
			isa = PBXSourcesBuildPhase;
			buildActionMask = 2147483647;
			files = (
			);
			runOnlyForDeploymentPostprocessing = 0;
		};
/* End PBXSourcesBuildPhase section */

/* Begin PBXTargetDependency section */
		1A1A3D1B2E503D6D00279E07 /* PBXTargetDependency */ = {
			isa = PBXTargetDependency;
			target = 1A1A3D0B2E503D6B00279E07 /* ReceiptScanApp */;
			targetProxy = 1A1A3D1A2E503D6D00279E07 /* PBXContainerItemProxy */;
		};
		1A1A3D252E503D6D00279E07 /* PBXTargetDependency */ = {
			isa = PBXTargetDependency;
			target = 1A1A3D0B2E503D6B00279E07 /* ReceiptScanApp */;
			targetProxy = 1A1A3D242E503D6D00279E07 /* PBXContainerItemProxy */;
		};
/* End PBXTargetDependency section */

/* Begin XCBuildConfiguration section */
		1A1A3D2B2E503D6D00279E07 /* Debug */ = {
			isa = XCBuildConfiguration;
			buildSettings = {
				ALWAYS_SEARCH_USER_PATHS = NO;
				ASSETCATALOG_COMPILER_GENERATE_SWIFT_ASSET_SYMBOL_EXTENSIONS = YES;
				CLANG_ANALYZER_NONNULL = YES;
				CLANG_ANALYZER_NUMBER_OBJECT_CONVERSION = YES_AGGRESSIVE;
				CLANG_CXX_LANGUAGE_STANDARD = "gnu++20";
				CLANG_ENABLE_MODULES = YES;
				CLANG_ENABLE_OBJC_ARC = YES;
				CLANG_ENABLE_OBJC_WEAK = YES;
				CLANG_WARN_BLOCK_CAPTURE_AUTORELEASING = YES;
				CLANG_WARN_BOOL_CONVERSION = YES;
				CLANG_WARN_COMMA = YES;
				CLANG_WARN_CONSTANT_CONVERSION = YES;
				CLANG_WARN_DEPRECATED_OBJC_IMPLEMENTATIONS = YES;
				CLANG_WARN_DIRECT_OBJC_ISA_USAGE = YES_ERROR;
				CLANG_WARN_DOCUMENTATION_COMMENTS = YES;
				CLANG_WARN_EMPTY_BODY = YES;
				CLANG_WARN_ENUM_CONVERSION = YES;
				CLANG_WARN_INFINITE_RECURSION = YES;
				CLANG_WARN_INT_CONVERSION = YES;
				CLANG_WARN_NON_LITERAL_NULL_CONVERSION = YES;
				CLANG_WARN_OBJC_IMPLICIT_RETAIN_SELF = YES;
				CLANG_WARN_OBJC_LITERAL_CONVERSION = YES;
				CLANG_WARN_OBJC_ROOT_CLASS = YES_ERROR;
				CLANG_WARN_QUOTED_INCLUDE_IN_FRAMEWORK_HEADER = YES;
				CLANG_WARN_RANGE_LOOP_ANALYSIS = YES;
				CLANG_WARN_STRICT_PROTOTYPES = YES;
				CLANG_WARN_SUSPICIOUS_MOVE = YES;
				CLANG_WARN_UNGUARDED_AVAILABILITY = YES_AGGRESSIVE;
				CLANG_WARN_UNREACHABLE_CODE = YES;
				CLANG_WARN__DUPLICATE_METHOD_MATCH = YES;
				COPY_PHASE_STRIP = NO;
				DEBUG_INFORMATION_FORMAT = dwarf;
				ENABLE_STRICT_OBJC_MSGSEND = YES;
				ENABLE_TESTABILITY = YES;
				ENABLE_USER_SCRIPT_SANDBOXING = YES;
				GCC_C_LANGUAGE_STANDARD = gnu17;
				GCC_DYNAMIC_NO_PIC = NO;
				GCC_NO_COMMON_BLOCKS = YES;
				GCC_OPTIMIZATION_LEVEL = 0;
				GCC_PREPROCESSOR_DEFINITIONS = (
					"DEBUG=1",
					"$(inherited)",
				);
				GCC_WARN_64_TO_32_BIT_CONVERSION = YES;
				GCC_WARN_ABOUT_RETURN_TYPE = YES_ERROR;
				GCC_WARN_UNDECLARED_SELECTOR = YES;
				GCC_WARN_UNINITIALIZED_AUTOS = YES_AGGRESSIVE;
				GCC_WARN_UNUSED_FUNCTION = YES;
				GCC_WARN_UNUSED_VARIABLE = YES;
				IPHONEOS_DEPLOYMENT_TARGET = 18.5;
				LOCALIZATION_PREFERS_STRING_CATALOGS = YES;
				MTL_ENABLE_DEBUG_INFO = INCLUDE_SOURCE;
				MTL_FAST_MATH = YES;
				ONLY_ACTIVE_ARCH = YES;
				SDKROOT = iphoneos;
				SWIFT_ACTIVE_COMPILATION_CONDITIONS = "DEBUG $(inherited)";
				SWIFT_OPTIMIZATION_LEVEL = "-Onone";
			};
			name = Debug;
		};
		1A1A3D2C2E503D6D00279E07 /* Release */ = {
			isa = XCBuildConfiguration;
			buildSettings = {
				ALWAYS_SEARCH_USER_PATHS = NO;
				ASSETCATALOG_COMPILER_GENERATE_SWIFT_ASSET_SYMBOL_EXTENSIONS = YES;
				CLANG_ANALYZER_NONNULL = YES;
				CLANG_ANALYZER_NUMBER_OBJECT_CONVERSION = YES_AGGRESSIVE;
				CLANG_CXX_LANGUAGE_STANDARD = "gnu++20";
				CLANG_ENABLE_MODULES = YES;
				CLANG_ENABLE_OBJC_ARC = YES;
				CLANG_ENABLE_OBJC_WEAK = YES;
				CLANG_WARN_BLOCK_CAPTURE_AUTORELEASING = YES;
				CLANG_WARN_BOOL_CONVERSION = YES;
				CLANG_WARN_COMMA = YES;
				CLANG_WARN_CONSTANT_CONVERSION = YES;
				CLANG_WARN_DEPRECATED_OBJC_IMPLEMENTATIONS = YES;
				CLANG_WARN_DIRECT_OBJC_ISA_USAGE = YES_ERROR;
				CLANG_WARN_DOCUMENTATION_COMMENTS = YES;
				CLANG_WARN_EMPTY_BODY = YES;
				CLANG_WARN_ENUM_CONVERSION = YES;
				CLANG_WARN_INFINITE_RECURSION = YES;
				CLANG_WARN_INT_CONVERSION = YES;
				CLANG_WARN_NON_LITERAL_NULL_CONVERSION = YES;
				CLANG_WARN_OBJC_IMPLICIT_RETAIN_SELF = YES;
				CLANG_WARN_OBJC_LITERAL_CONVERSION = YES;
				CLANG_WARN_OBJC_ROOT_CLASS = YES_ERROR;
				CLANG_WARN_QUOTED_INCLUDE_IN_FRAMEWORK_HEADER = YES;
				CLANG_WARN_RANGE_LOOP_ANALYSIS = YES;
				CLANG_WARN_STRICT_PROTOTYPES = YES;
				CLANG_WARN_SUSPICIOUS_MOVE = YES;
				CLANG_WARN_UNGUARDED_AVAILABILITY = YES_AGGRESSIVE;
				CLANG_WARN_UNREACHABLE_CODE = YES;
				CLANG_WARN__DUPLICATE_METHOD_MATCH = YES;
				COPY_PHASE_STRIP = NO;
				DEBUG_INFORMATION_FORMAT = "dwarf-with-dsym";
				ENABLE_NS_ASSERTIONS = NO;
				ENABLE_STRICT_OBJC_MSGSEND = YES;
				ENABLE_USER_SCRIPT_SANDBOXING = YES;
				GCC_C_LANGUAGE_STANDARD = gnu17;
				GCC_NO_COMMON_BLOCKS = YES;
				GCC_WARN_64_TO_32_BIT_CONVERSION = YES;
				GCC_WARN_ABOUT_RETURN_TYPE = YES_ERROR;
				GCC_WARN_UNDECLARED_SELECTOR = YES;
				GCC_WARN_UNINITIALIZED_AUTOS = YES_AGGRESSIVE;
				GCC_WARN_UNUSED_FUNCTION = YES;
				GCC_WARN_UNUSED_VARIABLE = YES;
				IPHONEOS_DEPLOYMENT_TARGET = 18.5;
				LOCALIZATION_PREFERS_STRING_CATALOGS = YES;
				MTL_ENABLE_DEBUG_INFO = NO;
				MTL_FAST_MATH = YES;
				SDKROOT = iphoneos;
				SWIFT_COMPILATION_MODE = wholemodule;
				VALIDATE_PRODUCT = YES;
			};
			name = Release;
		};
		1A1A3D2E2E503D6D00279E07 /* Debug */ = {
			isa = XCBuildConfiguration;
			buildSettings = {
				ASSETCATALOG_COMPILER_APPICON_NAME = AppIcon;
				ASSETCATALOG_COMPILER_GLOBAL_ACCENT_COLOR_NAME = AccentColor;
				CODE_SIGN_STYLE = Automatic;
				CURRENT_PROJECT_VERSION = 1;
				ENABLE_PREVIEWS = YES;
				GENERATE_INFOPLIST_FILE = YES;
				INFOPLIST_KEY_UIApplicationSceneManifest_Generation = YES;
				INFOPLIST_KEY_UIApplicationSupportsIndirectInputEvents = YES;
				INFOPLIST_KEY_UILaunchScreen_Generation = YES;
				INFOPLIST_KEY_UISupportedInterfaceOrientations_iPad = "UIInterfaceOrientationPortrait UIInterfaceOrientationPortraitUpsideDown UIInterfaceOrientationLandscapeLeft UIInterfaceOrientationLandscapeRight";
				INFOPLIST_KEY_UISupportedInterfaceOrientations_iPhone = "UIInterfaceOrientationPortrait UIInterfaceOrientationLandscapeLeft UIInterfaceOrientationLandscapeRight";
				LD_RUNPATH_SEARCH_PATHS = (
					"$(inherited)",
					"@executable_path/Frameworks",
				);
				MARKETING_VERSION = 1.0;
				PRODUCT_BUNDLE_IDENTIFIER = com.stickyconnections.ReceiptScanApp;
				PRODUCT_NAME = "$(TARGET_NAME)";
				SWIFT_EMIT_LOC_STRINGS = YES;
				SWIFT_VERSION = 5.0;
				TARGETED_DEVICE_FAMILY = "1,2";
			};
			name = Debug;
		};
		1A1A3D2F2E503D6D00279E07 /* Release */ = {
			isa = XCBuildConfiguration;
			buildSettings = {
				ASSETCATALOG_COMPILER_APPICON_NAME = AppIcon;
				ASSETCATALOG_COMPILER_GLOBAL_ACCENT_COLOR_NAME = AccentColor;
				CODE_SIGN_STYLE = Automatic;
				CURRENT_PROJECT_VERSION = 1;
				ENABLE_PREVIEWS = YES;
				GENERATE_INFOPLIST_FILE = YES;
				INFOPLIST_KEY_UIApplicationSceneManifest_Generation = YES;
				INFOPLIST_KEY_UIApplicationSupportsIndirectInputEvents = YES;
				INFOPLIST_KEY_UILaunchScreen_Generation = YES;
				INFOPLIST_KEY_UISupportedInterfaceOrientations_iPad = "UIInterfaceOrientationPortrait UIInterfaceOrientationPortraitUpsideDown UIInterfaceOrientationLandscapeLeft UIInterfaceOrientationLandscapeRight";
				INFOPLIST_KEY_UISupportedInterfaceOrientations_iPhone = "UIInterfaceOrientationPortrait UIInterfaceOrientationLandscapeLeft UIInterfaceOrientationLandscapeRight";
				LD_RUNPATH_SEARCH_PATHS = (
					"$(inherited)",
					"@executable_path/Frameworks",
				);
				MARKETING_VERSION = 1.0;
				PRODUCT_BUNDLE_IDENTIFIER = com.stickyconnections.ReceiptScanApp;
				PRODUCT_NAME = "$(TARGET_NAME)";
				SWIFT_EMIT_LOC_STRINGS = YES;
				SWIFT_VERSION = 5.0;
				TARGETED_DEVICE_FAMILY = "1,2";
			};
			name = Release;
		};
		1A1A3D312E503D6D00279E07 /* Debug */ = {
			isa = XCBuildConfiguration;
			buildSettings = {
				BUNDLE_LOADER = "$(TEST_HOST)";
				CODE_SIGN_STYLE = Automatic;
				CURRENT_PROJECT_VERSION = 1;
				GENERATE_INFOPLIST_FILE = YES;
				IPHONEOS_DEPLOYMENT_TARGET = 18.5;
				MARKETING_VERSION = 1.0;
				PRODUCT_BUNDLE_IDENTIFIER = com.stickyconnections.ReceiptScanAppTests;
				PRODUCT_NAME = "$(TARGET_NAME)";
				SWIFT_EMIT_LOC_STRINGS = NO;
				SWIFT_VERSION = 5.0;
				TARGETED_DEVICE_FAMILY = "1,2";
				TEST_HOST = "$(BUILT_PRODUCTS_DIR)/ReceiptScanApp.app/$(BUNDLE_EXECUTABLE_FOLDER_PATH)/ReceiptScanApp";
			};
			name = Debug;
		};
		1A1A3D322E503D6D00279E07 /* Release */ = {
			isa = XCBuildConfiguration;
			buildSettings = {
				BUNDLE_LOADER = "$(TEST_HOST)";
				CODE_SIGN_STYLE = Automatic;
				CURRENT_PROJECT_VERSION = 1;
				GENERATE_INFOPLIST_FILE = YES;
				IPHONEOS_DEPLOYMENT_TARGET = 18.5;
				MARKETING_VERSION = 1.0;
				PRODUCT_BUNDLE_IDENTIFIER = com.stickyconnections.ReceiptScanAppTests;
				PRODUCT_NAME = "$(TARGET_NAME)";
				SWIFT_EMIT_LOC_STRINGS = NO;
				SWIFT_VERSION = 5.0;
				TARGETED_DEVICE_FAMILY = "1,2";
				TEST_HOST = "$(BUILT_PRODUCTS_DIR)/ReceiptScanApp.app/$(BUNDLE_EXECUTABLE_FOLDER_PATH)/ReceiptScanApp";
			};
			name = Release;
		};
		1A1A3D342E503D6D00279E07 /* Debug */ = {
			isa = XCBuildConfiguration;
			buildSettings = {
				CODE_SIGN_STYLE = Automatic;
				CURRENT_PROJECT_VERSION = 1;
				GENERATE_INFOPLIST_FILE = YES;
				MARKETING_VERSION = 1.0;
				PRODUCT_BUNDLE_IDENTIFIER = com.stickyconnections.ReceiptScanAppUITests;
				PRODUCT_NAME = "$(TARGET_NAME)";
				SWIFT_EMIT_LOC_STRINGS = NO;
				SWIFT_VERSION = 5.0;
				TARGETED_DEVICE_FAMILY = "1,2";
				TEST_TARGET_NAME = ReceiptScanApp;
			};
			name = Debug;
		};
		1A1A3D352E503D6D00279E07 /* Release */ = {
			isa = XCBuildConfiguration;
			buildSettings = {
				CODE_SIGN_STYLE = Automatic;
				CURRENT_PROJECT_VERSION = 1;
				GENERATE_INFOPLIST_FILE = YES;
				MARKETING_VERSION = 1.0;
				PRODUCT_BUNDLE_IDENTIFIER = com.stickyconnections.ReceiptScanAppUITests;
				PRODUCT_NAME = "$(TARGET_NAME)";
				SWIFT_EMIT_LOC_STRINGS = NO;
				SWIFT_VERSION = 5.0;
				TARGETED_DEVICE_FAMILY = "1,2";
				TEST_TARGET_NAME = ReceiptScanApp;
			};
			name = Release;
		};
/* End XCBuildConfiguration section */

/* Begin XCConfigurationList section */
		1A1A3D072E503D6B00279E07 /* Build configuration list for PBXProject "ReceiptScanApp" */ = {
			isa = XCConfigurationList;
			buildConfigurations = (
				1A1A3D2B2E503D6D00279E07 /* Debug */,
				1A1A3D2C2E503D6D00279E07 /* Release */,
			);
			defaultConfigurationIsVisible = 0;
			defaultConfigurationName = Release;
		};
		1A1A3D2D2E503D6D00279E07 /* Build configuration list for PBXNativeTarget "ReceiptScanApp" */ = {
			isa = XCConfigurationList;
			buildConfigurations = (
				1A1A3D2E2E503D6D00279E07 /* Debug */,
				1A1A3D2F2E503D6D00279E07 /* Release */,
			);
			defaultConfigurationIsVisible = 0;
			defaultConfigurationName = Release;
		};
		1A1A3D302E503D6D00279E07 /* Build configuration list for PBXNativeTarget "ReceiptScanAppTests" */ = {
			isa = XCConfigurationList;
			buildConfigurations = (
				1A1A3D312E503D6D00279E07 /* Debug */,
				1A1A3D322E503D6D00279E07 /* Release */,
			);
			defaultConfigurationIsVisible = 0;
			defaultConfigurationName = Release;
		};
		1A1A3D332E503D6D00279E07 /* Build configuration list for PBXNativeTarget "ReceiptScanAppUITests" */ = {
			isa = XCConfigurationList;
			buildConfigurations = (
				1A1A3D342E503D6D00279E07 /* Debug */,
				1A1A3D352E503D6D00279E07 /* Release */,
			);
			defaultConfigurationIsVisible = 0;
			defaultConfigurationName = Release;
		};
/* End XCConfigurationList section */
	};
	rootObject = 1A1A3D042E503D6B00279E07 /* Project object */;
}
